{
  "name": "shadowtester",
  "version": "1.0.0",
  "lockfileVersion": 1,
  "requires": true,
  "dependencies": {
    "shadowizard": {
      "version": "1.0.4",
      "resolved": "https://registry.npmjs.org/shadowizard/-/shadowizard-1.0.4.tgz",
      "integrity": "sha512-szkkt2dK6hFAPHkSOIUmrki5fnmKC2NeBPdHNZ0EtD5GhwNe5tgZjxZrh5VUu4DX3qRMnpFF7vDCGEvTZEcnOg=="
    },
    "shadowizardmj15": {
      "version": "1.0.0",
      "resolved": "https://registry.npmjs.org/shadowizardmj15/-/shadowizardmj15-1.0.0.tgz",
      "integrity": "sha512-NmqIrm60U3uT7WxXJYay5UQimUsicH7hElw7uh5uSYNQ8AoyD17koo4y7LUKvqloJ7njnOUMPgP4yJpyUlVpfw=="
    }
  }
}
